PODS:
  - AFDateHelper (4.1.2)
  - Alamofire (4.4.0)
  - BWWalkthrough (2.1.0)
  - CircleProgressBar (0.32)
  - DropDown (2)
  - Intercom (3.2.2)
  - IQKeyboardManagerSwift (4.0.9)
  - JVFloatLabeledTextField (1.1.1)
  - PKHUD (4.2.2)
  - SDWebImage (4.0.0):
    - SDWebImage/Core (= 4.0.0)
  - SDWebImage/Core (4.0.0)
  - SkyFloatingLabelTextField (3.1.0)
  - SwiftValidator (4.0.0)
  - SwiftyJSON (3.1.4)
  - SwiftyUserDefaults (3.0.0)

DEPENDENCIES:
  - AFDateHelper
  - Alamofire
  - BWWalkthrough
  - CircleProgressBar (~> 0.32)
  - DropDown
  - Intercom
  - IQKeyboardManagerSwift
  - JVFloatLabeledTextField
  - PKHUD (~> 4.0)
  - SDWebImage
  - SkyFloatingLabelTextField (~> 3.0)
  - SwiftValidator (from `https://github.com/jpotts18/SwiftValidator.git`, branch `master`)
  - SwiftyJSON (~> 3.1)
  - SwiftyUserDefaults

EXTERNAL SOURCES:
  SwiftValidator:
    :branch: master
    :git: https://github.com/jpotts18/SwiftValidator.git

CHECKOUT OPTIONS:
  SwiftValidator:
    :commit: 2a6c23ad9efd76127f6109445515cb9780e5ad92
    :git: https://github.com/jpotts18/SwiftValidator.git

SPEC CHECKSUMS:
  AFDateHelper: b19c83daa132e398b34fbea085a1554ce07adfe9
  Alamofire: dc44b1600b800eb63da6a19039a0083d62a6a62d
  BWWalkthrough: 188408f55b951725ccfd4faa8dab5c577b57c7a9
  CircleProgressBar: 3920079be5224b62b3d9ed6eeb23ac01c835b681
  DropDown: 744784d9c9aa505100e942c16acd05430cbb2f0a
  Intercom: 10124a7bb91a1abbd622dc347dd87aa13297b1f7
  IQKeyboardManagerSwift: 2eefe6c429b86aa08bfbc1b5c891164d754adf91
  JVFloatLabeledTextField: 0e5524b097f102036214dd8279edc8ecf08b5e18
  PKHUD: 9a3599e04d57676ec14746c40e423a52fb6588c0
  SDWebImage: 76a6348bdc74eb5a55dd08a091ef298e56b55e41
  SkyFloatingLabelTextField: 26a92ad407044dd5a7c3e4e348738ff0991514fe
  SwiftValidator: 25ded5ca1f10c05adf57f6ac82a72d28ac8d91af
  SwiftyJSON: c2842d878f95482ffceec5709abc3d05680c0220
  SwiftyUserDefaults: 0f1d45fc3aafb9064dac661e367f8f83fe21a4b4

PODFILE CHECKSUM: 8d14803abb04953a549a44535c552f3825ff2153

COCOAPODS: 1.2.0
